
Microsoft Visual Studio Solution File, Format Version 12.00
# Visual Studio Version 16
VisualStudioVersion = 25.0.1703.8
MinimumVisualStudioVersion = 10.0.40219.1
Project("{FAE04EC0-301F-11D3-BF4B-00C04F79EFBC}") = "DCE", "DCE\DCE.csproj", "{2866288C-CF9E-4CE9-B038-AD8A60A058DD}"
EndProject
Global
	GlobalSection(SolutionConfigurationPlatforms) = preSolution
		Debug|Any CPU = Debug|Any CPU
		Release|Any CPU = Release|Any CPU
	EndGlobalSection
	GlobalSection(ProjectConfigurationPlatforms) = postSolution
		{2866288C-CF9E-4CE9-B038-AD8A60A058DD}.Debug|Any CPU.ActiveCfg = Debug|Any CPU
		{2866288C-CF9E-4CE9-B038-AD8A60A058DD}.Debug|Any CPU.Build.0 = Debug|Any CPU
		{2866288C-CF9E-4CE9-B038-AD8A60A058DD}.Release|Any CPU.ActiveCfg = Release|Any CPU
		{2866288C-CF9E-4CE9-B038-AD8A60A058DD}.Release|Any CPU.Build.0 = Release|Any CPU
	EndGlobalSection
	GlobalSection(SolutionProperties) = preSolution
		HideSolutionNode = FALSE
	EndGlobalSection
	GlobalSection(ExtensibilityGlobals) = postSolution
		SolutionGuid = {02E8BDA8-C60B-4428-A6A1-1CB2BC272AE8}
	EndGlobalSection
EndGlobal
